
Microsoft Visual Studio Solution File, Format Version 12.00
# Visual Studio Version 17
VisualStudioVersion = 17.9.34723.18
MinimumVisualStudioVersion = 10.0.40219.1
Project("{FAE04EC0-301F-11D3-BF4B-00C04F79EFBC}") = "Ejercicio1.Consola", "Ejercicio1.Consola\Ejercicio1.Consola.csproj", "{00055ED2-A655-4185-8066-CFD94BD5392D}"
EndProject
Global
	GlobalSection(SolutionConfigurationPlatforms) = preSolution
		Debug|Any CPU = Debug|Any CPU
		Release|Any CPU = Release|Any CPU
	EndGlobalSection
	GlobalSection(ProjectConfigurationPlatforms) = postSolution
		{00055ED2-A655-4185-8066-CFD94BD5392D}.Debug|Any CPU.ActiveCfg = Debug|Any CPU
		{00055ED2-A655-4185-8066-CFD94BD5392D}.Debug|Any CPU.Build.0 = Debug|Any CPU
		{00055ED2-A655-4185-8066-CFD94BD5392D}.Release|Any CPU.ActiveCfg = Release|Any CPU
		{00055ED2-A655-4185-8066-CFD94BD5392D}.Release|Any CPU.Build.0 = Release|Any CPU
	EndGlobalSection
	GlobalSection(SolutionProperties) = preSolution
		HideSolutionNode = FALSE
	EndGlobalSection
	GlobalSection(ExtensibilityGlobals) = postSolution
		SolutionGuid = {C5160562-8F3F-4255-AB35-CCBDA767CEA5}
	EndGlobalSection
EndGlobal
